
Microsoft Visual Studio Solution File, Format Version 12.00
# Visual Studio Version 16
VisualStudioVersion = 16.0.30804.86
MinimumVisualStudioVersion = 10.0.40219.1
Project("{FAE04EC0-301F-11D3-BF4B-00C04F79EFBC}") = "AndreyPro.GoogleSheetsHelper", "GoogleSheetsHelper\AndreyPro.GoogleSheetsHelper.csproj", "{5B28D12C-B157-4BA5-88FF-4BD6B2B6489D}"
EndProject
Project("{FAE04EC0-301F-11D3-BF4B-00C04F79EFBC}") = "TestConsole", "TestConsole\TestConsole.csproj", "{15091212-D954-4894-A042-63EC8A1A25C7}"
EndProject
Global
	GlobalSection(SolutionConfigurationPlatforms) = preSolution
		Debug|Any CPU = Debug|Any CPU
		Release|Any CPU = Release|Any CPU
	EndGlobalSection
	GlobalSection(ProjectConfigurationPlatforms) = postSolution
		{5B28D12C-B157-4BA5-88FF-4BD6B2B6489D}.Debug|Any CPU.ActiveCfg = Debug|Any CPU
		{5B28D12C-B157-4BA5-88FF-4BD6B2B6489D}.Debug|Any CPU.Build.0 = Debug|Any CPU
		{5B28D12C-B157-4BA5-88FF-4BD6B2B6489D}.Release|Any CPU.ActiveCfg = Release|Any CPU
		{5B28D12C-B157-4BA5-88FF-4BD6B2B6489D}.Release|Any CPU.Build.0 = Release|Any CPU
		{15091212-D954-4894-A042-63EC8A1A25C7}.Debug|Any CPU.ActiveCfg = Debug|Any CPU
		{15091212-D954-4894-A042-63EC8A1A25C7}.Debug|Any CPU.Build.0 = Debug|Any CPU
		{15091212-D954-4894-A042-63EC8A1A25C7}.Release|Any CPU.ActiveCfg = Release|Any CPU
		{15091212-D954-4894-A042-63EC8A1A25C7}.Release|Any CPU.Build.0 = Release|Any CPU
	EndGlobalSection
	GlobalSection(SolutionProperties) = preSolution
		HideSolutionNode = FALSE
	EndGlobalSection
	GlobalSection(ExtensibilityGlobals) = postSolution
		SolutionGuid = {C9FEEEA2-B177-4043-957C-72D9D65E9820}
	EndGlobalSection
EndGlobal
